
Microsoft Visual Studio Solution File, Format Version 12.00
# Visual Studio Version 17
VisualStudioVersion = 17.12.35707.178
MinimumVisualStudioVersion = 10.0.40219.1
Project("{FAE04EC0-301F-11D3-BF4B-00C04F79EFBC}") = "DisasterAlleviationFoundation", "DisasterAlleviationFoundation.csproj", "{0C7AFC0A-A77B-4478-9044-F9ADB5F84FB4}"
EndProject
Project("{FAE04EC0-301F-11D3-BF4B-00C04F79EFBC}") = "DisasterAlleviationFoundation.Tests", "..\DisasterAlleviationFoundation.Tests\DisasterAlleviationFoundation.Tests.csproj", "{33E39E24-EC11-4533-935F-B92A69A1D0BA}"
EndProject
Global
	GlobalSection(SolutionConfigurationPlatforms) = preSolution
		Debug|Any CPU = Debug|Any CPU
		Release|Any CPU = Release|Any CPU
	EndGlobalSection
	GlobalSection(ProjectConfigurationPlatforms) = postSolution
		{0C7AFC0A-A77B-4478-9044-F9ADB5F84FB4}.Debug|Any CPU.ActiveCfg = Debug|Any CPU
		{0C7AFC0A-A77B-4478-9044-F9ADB5F84FB4}.Debug|Any CPU.Build.0 = Debug|Any CPU
		{0C7AFC0A-A77B-4478-9044-F9ADB5F84FB4}.Release|Any CPU.ActiveCfg = Release|Any CPU
		{0C7AFC0A-A77B-4478-9044-F9ADB5F84FB4}.Release|Any CPU.Build.0 = Release|Any CPU
		{33E39E24-EC11-4533-935F-B92A69A1D0BA}.Debug|Any CPU.ActiveCfg = Debug|Any CPU
		{33E39E24-EC11-4533-935F-B92A69A1D0BA}.Debug|Any CPU.Build.0 = Debug|Any CPU
		{33E39E24-EC11-4533-935F-B92A69A1D0BA}.Release|Any CPU.ActiveCfg = Release|Any CPU
		{33E39E24-EC11-4533-935F-B92A69A1D0BA}.Release|Any CPU.Build.0 = Release|Any CPU
	EndGlobalSection
	GlobalSection(SolutionProperties) = preSolution
		HideSolutionNode = FALSE
	EndGlobalSection
	GlobalSection(ExtensibilityGlobals) = postSolution
		SolutionGuid = {18249528-72CE-42F1-916E-8626FAE17150}
	EndGlobalSection
EndGlobal
